// !$*UTF8*$!
{
	archiveVersion = 1;
	classes = {
	};
	objectVersion = 48;
	objects = {

/* Begin PBXBuildFile section */
		363B7B281F97D0C50094B274 /* SocialMediaView.xib in Resources */ = {isa = PBXBuildFile; fileRef = 363B7B271F97D0C50094B274 /* SocialMediaView.xib */; };
		363B7B2A1F97D2C10094B274 /* SocialMediaCustomView.swift in Sources */ = {isa = PBXBuildFile; fileRef = 363B7B291F97D2C10094B274 /* SocialMediaCustomView.swift */; };
		363BB3FA1F8E8F0F0048347D /* UIImageConstants.swift in Sources */ = {isa = PBXBuildFile; fileRef = 363BB3F91F8E8F0F0048347D /* UIImageConstants.swift */; };
		3680F6BF1F8E9AD300A8E562 /* NavigationControllerAnimationPresentable.swift in Sources */ = {isa = PBXBuildFile; fileRef = 3680F6BE1F8E9AD300A8E562 /* NavigationControllerAnimationPresentable.swift */; };
		36973B65200004CB007FFBA7 /* DeviceIdiom.swift in Sources */ = {isa = PBXBuildFile; fileRef = 36973B64200004CB007FFBA7 /* DeviceIdiom.swift */; };
		36A01DDF1FA239A700EC5E28 /* OnboardingSubViewControllerOne.swift in Sources */ = {isa = PBXBuildFile; fileRef = 36A01DDE1FA239A700EC5E28 /* OnboardingSubViewControllerOne.swift */; };
		36A01DE11FA2405F00EC5E28 /* OnboardingSubViewControllerTwo.swift in Sources */ = {isa = PBXBuildFile; fileRef = 36A01DE01FA2405F00EC5E28 /* OnboardingSubViewControllerTwo.swift */; };
		36A01DE31FA241E700EC5E28 /* OnboardingSubViewControllerThree.swift in Sources */ = {isa = PBXBuildFile; fileRef = 36A01DE21FA241E700EC5E28 /* OnboardingSubViewControllerThree.swift */; };
		36A306641FED923A00E97AE5 /* StoreReviewHelper.swift in Sources */ = {isa = PBXBuildFile; fileRef = 36A306631FED923A00E97AE5 /* StoreReviewHelper.swift */; };
		36EB4C65201244FE000761B7 /* ArrayExtension.swift in Sources */ = {isa = PBXBuildFile; fileRef = 36EB4C64201244FE000761B7 /* ArrayExtension.swift */; };
		C80542C01FAD42710003B2CC /* StringExtension.swift in Sources */ = {isa = PBXBuildFile; fileRef = C80542B91FAD42700003B2CC /* StringExtension.swift */; };
		C80542C11FAD42710003B2CC /* UIColorExtension.swift in Sources */ = {isa = PBXBuildFile; fileRef = C80542BA1FAD42700003B2CC /* UIColorExtension.swift */; };
		C80542C21FAD42710003B2CC /* UIImageExtension.swift in Sources */ = {isa = PBXBuildFile; fileRef = C80542BB1FAD42710003B2CC /* UIImageExtension.swift */; };
		C80542C31FAD42710003B2CC /* TimeIntervalExtension.swift in Sources */ = {isa = PBXBuildFile; fileRef = C80542BC1FAD42710003B2CC /* TimeIntervalExtension.swift */; };
		C80542C41FAD42710003B2CC /* UIViewExtension.swift in Sources */ = {isa = PBXBuildFile; fileRef = C80542BD1FAD42710003B2CC /* UIViewExtension.swift */; };
		C80542C51FAD42710003B2CC /* UILabelExtension.swift in Sources */ = {isa = PBXBuildFile; fileRef = C80542BE1FAD42710003B2CC /* UILabelExtension.swift */; };
		C80542C61FAD42710003B2CC /* UICollectionViewExtension.swift in Sources */ = {isa = PBXBuildFile; fileRef = C80542BF1FAD42710003B2CC /* UICollectionViewExtension.swift */; };
		C812BEC81F7727D50029732B /* PredictionResultsViewController.swift in Sources */ = {isa = PBXBuildFile; fileRef = C812BEC71F7727D50029732B /* PredictionResultsViewController.swift */; };
		C812BECA1F7727F90029732B /* PredictionsResultsViewModel.swift in Sources */ = {isa = PBXBuildFile; fileRef = C812BEC91F7727F90029732B /* PredictionsResultsViewModel.swift */; };
		C812BECC1F7728070029732B /* PredictionResultsViewConfigurable.swift in Sources */ = {isa = PBXBuildFile; fileRef = C812BECB1F7728070029732B /* PredictionResultsViewConfigurable.swift */; };
		C812BED11F77290D0029732B /* PredictionResultsPresentable.swift in Sources */ = {isa = PBXBuildFile; fileRef = C812BED01F77290D0029732B /* PredictionResultsPresentable.swift */; };
		C812BED31F7738C80029732B /* BaseViewController.swift in Sources */ = {isa = PBXBuildFile; fileRef = C812BED21F7738C80029732B /* BaseViewController.swift */; };
		C812BED71F773F8E0029732B /* CustomAlertController.swift in Sources */ = {isa = PBXBuildFile; fileRef = C812BED61F773F8E0029732B /* CustomAlertController.swift */; };
		C817F7301F75DCBF00B8C0FD /* AppDelegate.swift in Sources */ = {isa = PBXBuildFile; fileRef = C817F72F1F75DCBF00B8C0FD /* AppDelegate.swift */; };
		C817F7351F75DCBF00B8C0FD /* Main.storyboard in Resources */ = {isa = PBXBuildFile; fileRef = C817F7331F75DCBF00B8C0FD /* Main.storyboard */; };
		C817F7371F75DCBF00B8C0FD /* Assets.xcassets in Resources */ = {isa = PBXBuildFile; fileRef = C817F7361F75DCBF00B8C0FD /* Assets.xcassets */; };
		C817F73A1F75DCBF00B8C0FD /* LaunchScreen.storyboard in Resources */ = {isa = PBXBuildFile; fileRef = C817F7381F75DCBF00B8C0FD /* LaunchScreen.storyboard */; };
		C817F7451F75DCBF00B8C0FD /* HashMeTests.swift in Sources */ = {isa = PBXBuildFile; fileRef = C817F7441F75DCBF00B8C0FD /* HashMeTests.swift */; };
		C8255A391F82FE78006DA3F3 /* RootViewController.swift in Sources */ = {isa = PBXBuildFile; fileRef = C8255A381F82FE78006DA3F3 /* RootViewController.swift */; };
		C8255A3D1F831300006DA3F3 /* OnboardingPresentable.swift in Sources */ = {isa = PBXBuildFile; fileRef = C8255A3C1F831300006DA3F3 /* OnboardingPresentable.swift */; };
		C82D6E6C1F9EBD7800BDC0FF /* GlobalMethods.swift in Sources */ = {isa = PBXBuildFile; fileRef = C82D6E6B1F9EBD7800BDC0FF /* GlobalMethods.swift */; };
		C83AF3C21F86E07100D4A4BC /* Localizable.strings in Resources */ = {isa = PBXBuildFile; fileRef = C83AF3C41F86E07100D4A4BC /* Localizable.strings */; };
		C83AF3CD1F86EAC800D4A4BC /* CustomUserDefaults.swift in Sources */ = {isa = PBXBuildFile; fileRef = C83AF3CC1F86EA8200D4A4BC /* CustomUserDefaults.swift */; };
		C83AF3CE1F86EACB00D4A4BC /* LocalizedString.swift in Sources */ = {isa = PBXBuildFile; fileRef = C83AF3CB1F86EA8200D4A4BC /* LocalizedString.swift */; };
		C84ABBBB202D155000C39D96 /* HashMe_Rule_Engine.js in Resources */ = {isa = PBXBuildFile; fileRef = C84ABBBA202D155000C39D96 /* HashMe_Rule_Engine.js */; };
		C84ABBBD202D194900C39D96 /* HashMeRuleEngineProtocol.swift in Sources */ = {isa = PBXBuildFile; fileRef = C84ABBBC202D194900C39D96 /* HashMeRuleEngineProtocol.swift */; };
		C84ABBC1202D23B100C39D96 /* UIViewControllerExtension.swift in Sources */ = {isa = PBXBuildFile; fileRef = C84ABBC0202D23B100C39D96 /* UIViewControllerExtension.swift */; };
		C84ABBC3202D5A7600C39D96 /* HashMeRuleEngineTest.swift in Sources */ = {isa = PBXBuildFile; fileRef = C84ABBC2202D5A7600C39D96 /* HashMeRuleEngineTest.swift */; };
		C84ABBC5202E684000C39D96 /* JsContextProtocolLocal.swift in Sources */ = {isa = PBXBuildFile; fileRef = C84ABBC4202E684000C39D96 /* JsContextProtocolLocal.swift */; };
		C84B2B261F76B2CF00F56BF5 /* OnboardingViewController.swift in Sources */ = {isa = PBXBuildFile; fileRef = C84B2B251F76B2CF00F56BF5 /* OnboardingViewController.swift */; };
		C84B2B281F76B36500F56BF5 /* PredictionsViewController.swift in Sources */ = {isa = PBXBuildFile; fileRef = C84B2B271F76B36500F56BF5 /* PredictionsViewController.swift */; };
		C84B2B2A1F76B39000F56BF5 /* OnboardingViewModel.swift in Sources */ = {isa = PBXBuildFile; fileRef = C84B2B291F76B39000F56BF5 /* OnboardingViewModel.swift */; };
		C84B2B2C1F76B3A000F56BF5 /* OnboardingViewConfigurable.swift in Sources */ = {isa = PBXBuildFile; fileRef = C84B2B2B1F76B3A000F56BF5 /* OnboardingViewConfigurable.swift */; };
		C84B2B2E1F76BD2C00F56BF5 /* PredictionsViewModel.swift in Sources */ = {isa = PBXBuildFile; fileRef = C84B2B2D1F76BD2C00F56BF5 /* PredictionsViewModel.swift */; };
		C84B2B301F76BD4000F56BF5 /* PredictionsViewConfigurable.swift in Sources */ = {isa = PBXBuildFile; fileRef = C84B2B2F1F76BD4000F56BF5 /* PredictionsViewConfigurable.swift */; };
		C84B2B321F76C0B000F56BF5 /* HashTagFlowController.swift in Sources */ = {isa = PBXBuildFile; fileRef = C84B2B311F76C0B000F56BF5 /* HashTagFlowController.swift */; };
		C84B2B351F76C19F00F56BF5 /* NavigationFlowControllable.swift in Sources */ = {isa = PBXBuildFile; fileRef = C84B2B341F76C19F00F56BF5 /* NavigationFlowControllable.swift */; };
		C854505A1F76F44100CF3D4E /* CustomButton.swift in Sources */ = {isa = PBXBuildFile; fileRef = C85450591F76F44100CF3D4E /* CustomButton.swift */; };
		C854505B1F76FF9100CF3D4E /* Resnet50.mlmodel in Sources */ = {isa = PBXBuildFile; fileRef = C84B2B0C1F75E97700F56BF5 /* Resnet50.mlmodel */; };
		C867A0991F76CB5200B8B0E7 /* Constants.swift in Sources */ = {isa = PBXBuildFile; fileRef = C867A0981F76CB5200B8B0E7 /* Constants.swift */; };
		C87CA29720268148001CD749 /* SocialMediaCustomViewTests.swift in Sources */ = {isa = PBXBuildFile; fileRef = C87CA29620268148001CD749 /* SocialMediaCustomViewTests.swift */; };
		C8869D351F8C2ACB00C32845 /* PredictionsLayout.swift in Sources */ = {isa = PBXBuildFile; fileRef = C8869D341F8C2ACB00C32845 /* PredictionsLayout.swift */; };
		C8869D4F1F92753300C32845 /* ShareSheetPresentable.swift in Sources */ = {isa = PBXBuildFile; fileRef = C8869D4E1F92753300C32845 /* ShareSheetPresentable.swift */; };
		C8869D5B1F93DDDC00C32845 /* CustomImageView.swift in Sources */ = {isa = PBXBuildFile; fileRef = C8869D5A1F93DDDB00C32845 /* CustomImageView.swift */; };
		C8869D5D1F941F3C00C32845 /* CustomView.swift in Sources */ = {isa = PBXBuildFile; fileRef = C8869D5C1F941F3B00C32845 /* CustomView.swift */; };
		C8884D2E1FF1EFDD00E91590 /* EmailPresentable.swift in Sources */ = {isa = PBXBuildFile; fileRef = C8884D2D1FF1EFDD00E91590 /* EmailPresentable.swift */; };
		C8884D301FF1F24400E91590 /* EmailViewController.swift in Sources */ = {isa = PBXBuildFile; fileRef = C8884D2F1FF1F24400E91590 /* EmailViewController.swift */; };
		C8884D321FF1FA2000E91590 /* EmailViewConfigurable.swift in Sources */ = {isa = PBXBuildFile; fileRef = C8884D311FF1FA2000E91590 /* EmailViewConfigurable.swift */; };
		C8884D341FF1FAAE00E91590 /* EmailViewModel.swift in Sources */ = {isa = PBXBuildFile; fileRef = C8884D331FF1FAAE00E91590 /* EmailViewModel.swift */; };
		C89F5C9F1F998CC100CB33CE /* PredictionsInitialViewPresentable.swift in Sources */ = {isa = PBXBuildFile; fileRef = C89F5C9E1F998CC100CB33CE /* PredictionsInitialViewPresentable.swift */; };
		C8AB172D20240F65005FBBBE /* OnboardingTest.swift in Sources */ = {isa = PBXBuildFile; fileRef = C8AB172C20240F65005FBBBE /* OnboardingTest.swift */; };
		C8AB173220253159005FBBBE /* PredictionsTests.swift in Sources */ = {isa = PBXBuildFile; fileRef = C8AB173120253159005FBBBE /* PredictionsTests.swift */; };
		C8F54A171F79BD6900E94DF4 /* CustomLoadingAnimation.swift in Sources */ = {isa = PBXBuildFile; fileRef = C8F54A161F79BD6900E94DF4 /* CustomLoadingAnimation.swift */; };
		C8F54A1A1F79BDAC00E94DF4 /* LoadingAnimationPresentable.swift in Sources */ = {isa = PBXBuildFile; fileRef = C8F54A191F79BDAC00E94DF4 /* LoadingAnimationPresentable.swift */; };
		C8F54A1F1F7B1ECB00E94DF4 /* PredictionResultCollectionViewCell.swift in Sources */ = {isa = PBXBuildFile; fileRef = C8F54A1E1F7B1ECB00E94DF4 /* PredictionResultCollectionViewCell.swift */; };
		C8F54A241F7B32AC00E94DF4 /* CustomLabel.swift in Sources */ = {isa = PBXBuildFile; fileRef = C8F54A231F7B32AC00E94DF4 /* CustomLabel.swift */; };
/* End PBXBuildFile section */

/* Begin PBXContainerItemProxy section */
		C817F7411F75DCBF00B8C0FD /* PBXContainerItemProxy */ = {
			isa = PBXContainerItemProxy;
			containerPortal = C817F7241F75DCBF00B8C0FD /* Project object */;
			proxyType = 1;
			remoteGlobalIDString = C817F72B1F75DCBF00B8C0FD;
			remoteInfo = HashMe;
		};
/* End PBXContainerItemProxy section */

/* Begin PBXFileReference section */
		363B7B271F97D0C50094B274 /* SocialMediaView.xib */ = {isa = PBXFileReference; lastKnownFileType = file.xib; name = SocialMediaView.xib; path = HashMe/Common/XIb/SocialMediaView.xib; sourceTree = SOURCE_ROOT; };
		363B7B291F97D2C10094B274 /* SocialMediaCustomView.swift */ = {isa = PBXFileReference; lastKnownFileType = sourcecode.swift; path = SocialMediaCustomView.swift; sourceTree = "<group>"; };
		363BB3F91F8E8F0F0048347D /* UIImageConstants.swift */ = {isa = PBXFileReference; lastKnownFileType = sourcecode.swift; path = UIImageConstants.swift; sourceTree = "<group>"; };
		3680F6BE1F8E9AD300A8E562 /* NavigationControllerAnimationPresentable.swift */ = {isa = PBXFileReference; lastKnownFileType = sourcecode.swift; path = NavigationControllerAnimationPresentable.swift; sourceTree = "<group>"; };
		36973B64200004CB007FFBA7 /* DeviceIdiom.swift */ = {isa = PBXFileReference; lastKnownFileType = sourcecode.swift; path = DeviceIdiom.swift; sourceTree = "<group>"; };
		36A01DDE1FA239A700EC5E28 /* OnboardingSubViewControllerOne.swift */ = {isa = PBXFileReference; lastKnownFileType = sourcecode.swift; path = OnboardingSubViewControllerOne.swift; sourceTree = "<group>"; };
		36A01DE01FA2405F00EC5E28 /* OnboardingSubViewControllerTwo.swift */ = {isa = PBXFileReference; lastKnownFileType = sourcecode.swift; path = OnboardingSubViewControllerTwo.swift; sourceTree = "<group>"; };
		36A01DE21FA241E700EC5E28 /* OnboardingSubViewControllerThree.swift */ = {isa = PBXFileReference; lastKnownFileType = sourcecode.swift; path = OnboardingSubViewControllerThree.swift; sourceTree = "<group>"; };
		36A306631FED923A00E97AE5 /* StoreReviewHelper.swift */ = {isa = PBXFileReference; lastKnownFileType = sourcecode.swift; path = StoreReviewHelper.swift; sourceTree = "<group>"; };
		36EB4C64201244FE000761B7 /* ArrayExtension.swift */ = {isa = PBXFileReference; lastKnownFileType = sourcecode.swift; path = ArrayExtension.swift; sourceTree = "<group>"; };
		C80542B91FAD42700003B2CC /* StringExtension.swift */ = {isa = PBXFileReference; fileEncoding = 4; lastKnownFileType = sourcecode.swift; path = StringExtension.swift; sourceTree = "<group>"; };
		C80542BA1FAD42700003B2CC /* UIColorExtension.swift */ = {isa = PBXFileReference; fileEncoding = 4; lastKnownFileType = sourcecode.swift; path = UIColorExtension.swift; sourceTree = "<group>"; };
		C80542BB1FAD42710003B2CC /* UIImageExtension.swift */ = {isa = PBXFileReference; fileEncoding = 4; lastKnownFileType = sourcecode.swift; path = UIImageExtension.swift; sourceTree = "<group>"; };
		C80542BC1FAD42710003B2CC /* TimeIntervalExtension.swift */ = {isa = PBXFileReference; fileEncoding = 4; lastKnownFileType = sourcecode.swift; path = TimeIntervalExtension.swift; sourceTree = "<group>"; };
		C80542BD1FAD42710003B2CC /* UIViewExtension.swift */ = {isa = PBXFileReference; fileEncoding = 4; lastKnownFileType = sourcecode.swift; path = UIViewExtension.swift; sourceTree = "<group>"; };
		C80542BE1FAD42710003B2CC /* UILabelExtension.swift */ = {isa = PBXFileReference; fileEncoding = 4; lastKnownFileType = sourcecode.swift; path = UILabelExtension.swift; sourceTree = "<group>"; };
		C80542BF1FAD42710003B2CC /* UICollectionViewExtension.swift */ = {isa = PBXFileReference; fileEncoding = 4; lastKnownFileType = sourcecode.swift; path = UICollectionViewExtension.swift; sourceTree = "<group>"; };
		C812BEC71F7727D50029732B /* PredictionResultsViewController.swift */ = {isa = PBXFileReference; lastKnownFileType = sourcecode.swift; path = PredictionResultsViewController.swift; sourceTree = "<group>"; };
		C812BEC91F7727F90029732B /* PredictionsResultsViewModel.swift */ = {isa = PBXFileReference; lastKnownFileType = sourcecode.swift; path = PredictionsResultsViewModel.swift; sourceTree = "<group>"; };
		C812BECB1F7728070029732B /* PredictionResultsViewConfigurable.swift */ = {isa = PBXFileReference; lastKnownFileType = sourcecode.swift; path = PredictionResultsViewConfigurable.swift; sourceTree = "<group>"; };
		C812BED01F77290D0029732B /* PredictionResultsPresentable.swift */ = {isa = PBXFileReference; lastKnownFileType = sourcecode.swift; path = PredictionResultsPresentable.swift; sourceTree = "<group>"; };
		C812BED21F7738C80029732B /* BaseViewController.swift */ = {isa = PBXFileReference; lastKnownFileType = sourcecode.swift; path = BaseViewController.swift; sourceTree = "<group>"; };
		C812BED61F773F8E0029732B /* CustomAlertController.swift */ = {isa = PBXFileReference; lastKnownFileType = sourcecode.swift; path = CustomAlertController.swift; sourceTree = "<group>"; };
		C817F72C1F75DCBF00B8C0FD /* HashAll.app */ = {isa = PBXFileReference; explicitFileType = wrapper.application; includeInIndex = 0; path = HashAll.app; sourceTree = BUILT_PRODUCTS_DIR; };
		C817F72F1F75DCBF00B8C0FD /* AppDelegate.swift */ = {isa = PBXFileReference; lastKnownFileType = sourcecode.swift; path = AppDelegate.swift; sourceTree = "<group>"; };
		C817F7341F75DCBF00B8C0FD /* Base */ = {isa = PBXFileReference; lastKnownFileType = file.storyboard; name = Base; path = Base.lproj/Main.storyboard; sourceTree = "<group>"; };
		C817F7361F75DCBF00B8C0FD /* Assets.xcassets */ = {isa = PBXFileReference; lastKnownFileType = folder.assetcatalog; path = Assets.xcassets; sourceTree = "<group>"; };
		C817F7391F75DCBF00B8C0FD /* Base */ = {isa = PBXFileReference; lastKnownFileType = file.storyboard; name = Base; path = Base.lproj/LaunchScreen.storyboard; sourceTree = "<group>"; };
		C817F73B1F75DCBF00B8C0FD /* Info.plist */ = {isa = PBXFileReference; lastKnownFileType = text.plist.xml; name = Info.plist; path = ../Info.plist; sourceTree = "<group>"; };
		C817F7401F75DCBF00B8C0FD /* HashMeTests.xctest */ = {isa = PBXFileReference; explicitFileType = wrapper.cfbundle; includeInIndex = 0; path = HashMeTests.xctest; sourceTree = BUILT_PRODUCTS_DIR; };
		C817F7441F75DCBF00B8C0FD /* HashMeTests.swift */ = {isa = PBXFileReference; lastKnownFileType = sourcecode.swift; path = HashMeTests.swift; sourceTree = "<group>"; };
		C817F7461F75DCBF00B8C0FD /* Info.plist */ = {isa = PBXFileReference; lastKnownFileType = text.plist.xml; path = Info.plist; sourceTree = "<group>"; };
		C8255A381F82FE78006DA3F3 /* RootViewController.swift */ = {isa = PBXFileReference; lastKnownFileType = sourcecode.swift; name = RootViewController.swift; path = HashMe/Common/ViewControllers/RootViewController.swift; sourceTree = SOURCE_ROOT; };
		C8255A3C1F831300006DA3F3 /* OnboardingPresentable.swift */ = {isa = PBXFileReference; lastKnownFileType = sourcecode.swift; name = OnboardingPresentable.swift; path = HashMe/Common/Presentables/OnboardingPresentable.swift; sourceTree = SOURCE_ROOT; };
		C82D6E6B1F9EBD7800BDC0FF /* GlobalMethods.swift */ = {isa = PBXFileReference; lastKnownFileType = sourcecode.swift; path = GlobalMethods.swift; sourceTree = "<group>"; };
		C83AF3BF1F86DF8D00D4A4BC /* en */ = {isa = PBXFileReference; lastKnownFileType = text.plist.strings; name = en; path = en.lproj/Main.strings; sourceTree = "<group>"; };
		C83AF3C31F86E07100D4A4BC /* en */ = {isa = PBXFileReference; lastKnownFileType = text.plist.strings; name = en; path = en.lproj/Localizable.strings; sourceTree = "<group>"; };
		C83AF3C51F86E10100D4A4BC /* es-MX */ = {isa = PBXFileReference; lastKnownFileType = text.plist.strings; name = "es-MX"; path = "es-MX.lproj/Main.strings"; sourceTree = "<group>"; };
		C83AF3C61F86E10100D4A4BC /* es-MX */ = {isa = PBXFileReference; lastKnownFileType = text.plist.strings; name = "es-MX"; path = "es-MX.lproj/LaunchScreen.strings"; sourceTree = "<group>"; };
		C83AF3C71F86E10100D4A4BC /* es-MX */ = {isa = PBXFileReference; lastKnownFileType = text.plist.strings; name = "es-MX"; path = "es-MX.lproj/Localizable.strings"; sourceTree = "<group>"; };
		C83AF3CB1F86EA8200D4A4BC /* LocalizedString.swift */ = {isa = PBXFileReference; lastKnownFileType = sourcecode.swift; path = LocalizedString.swift; sourceTree = "<group>"; };
		C83AF3CC1F86EA8200D4A4BC /* CustomUserDefaults.swift */ = {isa = PBXFileReference; lastKnownFileType = sourcecode.swift; path = CustomUserDefaults.swift; sourceTree = "<group>"; };
		C84ABBBA202D155000C39D96 /* HashMe_Rule_Engine.js */ = {isa = PBXFileReference; lastKnownFileType = sourcecode.javascript; path = HashMe_Rule_Engine.js; sourceTree = "<group>"; };
		C84ABBBC202D194900C39D96 /* HashMeRuleEngineProtocol.swift */ = {isa = PBXFileReference; lastKnownFileType = sourcecode.swift; path = HashMeRuleEngineProtocol.swift; sourceTree = "<group>"; };
		C84ABBC0202D23B100C39D96 /* UIViewControllerExtension.swift */ = {isa = PBXFileReference; lastKnownFileType = sourcecode.swift; path = UIViewControllerExtension.swift; sourceTree = "<group>"; };
		C84ABBC2202D5A7600C39D96 /* HashMeRuleEngineTest.swift */ = {isa = PBXFileReference; lastKnownFileType = sourcecode.swift; path = HashMeRuleEngineTest.swift; sourceTree = "<group>"; };
		C84ABBC4202E684000C39D96 /* JsContextProtocolLocal.swift */ = {isa = PBXFileReference; lastKnownFileType = sourcecode.swift; path = JsContextProtocolLocal.swift; sourceTree = "<group>"; };
		C84B2B0C1F75E97700F56BF5 /* Resnet50.mlmodel */ = {isa = PBXFileReference; lastKnownFileType = file.mlmodel; path = Resnet50.mlmodel; sourceTree = "<group>"; };
		C84B2B251F76B2CF00F56BF5 /* OnboardingViewController.swift */ = {isa = PBXFileReference; lastKnownFileType = sourcecode.swift; path = OnboardingViewController.swift; sourceTree = "<group>"; };
		C84B2B271F76B36500F56BF5 /* PredictionsViewController.swift */ = {isa = PBXFileReference; lastKnownFileType = sourcecode.swift; path = PredictionsViewController.swift; sourceTree = "<group>"; };
		C84B2B291F76B39000F56BF5 /* OnboardingViewModel.swift */ = {isa = PBXFileReference; lastKnownFileType = sourcecode.swift; path = OnboardingViewModel.swift; sourceTree = "<group>"; };
		C84B2B2B1F76B3A000F56BF5 /* OnboardingViewConfigurable.swift */ = {isa = PBXFileReference; lastKnownFileType = sourcecode.swift; path = OnboardingViewConfigurable.swift; sourceTree = "<group>"; };
		C84B2B2D1F76BD2C00F56BF5 /* PredictionsViewModel.swift */ = {isa = PBXFileReference; lastKnownFileType = sourcecode.swift; path = PredictionsViewModel.swift; sourceTree = "<group>"; };
		C84B2B2F1F76BD4000F56BF5 /* PredictionsViewConfigurable.swift */ = {isa = PBXFileReference; lastKnownFileType = sourcecode.swift; path = PredictionsViewConfigurable.swift; sourceTree = "<group>"; };
		C84B2B311F76C0B000F56BF5 /* HashTagFlowController.swift */ = {isa = PBXFileReference; lastKnownFileType = sourcecode.swift; path = HashTagFlowController.swift; sourceTree = "<group>"; };
		C84B2B341F76C19F00F56BF5 /* NavigationFlowControllable.swift */ = {isa = PBXFileReference; lastKnownFileType = sourcecode.swift; path = NavigationFlowControllable.swift; sourceTree = "<group>"; };
		C85450591F76F44100CF3D4E /* CustomButton.swift */ = {isa = PBXFileReference; lastKnownFileType = sourcecode.swift; path = CustomButton.swift; sourceTree = "<group>"; };
		C867A0981F76CB5200B8B0E7 /* Constants.swift */ = {isa = PBXFileReference; lastKnownFileType = sourcecode.swift; path = Constants.swift; sourceTree = "<group>"; };
		C87CA29620268148001CD749 /* SocialMediaCustomViewTests.swift */ = {isa = PBXFileReference; lastKnownFileType = sourcecode.swift; path = SocialMediaCustomViewTests.swift; sourceTree = "<group>"; };
		C8869D341F8C2ACB00C32845 /* PredictionsLayout.swift */ = {isa = PBXFileReference; lastKnownFileType = sourcecode.swift; path = PredictionsLayout.swift; sourceTree = "<group>"; };
		C8869D4E1F92753300C32845 /* ShareSheetPresentable.swift */ = {isa = PBXFileReference; lastKnownFileType = sourcecode.swift; path = ShareSheetPresentable.swift; sourceTree = "<group>"; };
		C8869D5A1F93DDDB00C32845 /* CustomImageView.swift */ = {isa = PBXFileReference; lastKnownFileType = sourcecode.swift; path = CustomImageView.swift; sourceTree = "<group>"; };
		C8869D5C1F941F3B00C32845 /* CustomView.swift */ = {isa = PBXFileReference; lastKnownFileType = sourcecode.swift; path = CustomView.swift; sourceTree = "<group>"; };
		C8884D2D1FF1EFDD00E91590 /* EmailPresentable.swift */ = {isa = PBXFileReference; lastKnownFileType = sourcecode.swift; path = EmailPresentable.swift; sourceTree = "<group>"; };
		C8884D2F1FF1F24400E91590 /* EmailViewController.swift */ = {isa = PBXFileReference; lastKnownFileType = sourcecode.swift; path = EmailViewController.swift; sourceTree = "<group>"; };
		C8884D311FF1FA2000E91590 /* EmailViewConfigurable.swift */ = {isa = PBXFileReference; lastKnownFileType = sourcecode.swift; path = EmailViewConfigurable.swift; sourceTree = "<group>"; };
		C8884D331FF1FAAE00E91590 /* EmailViewModel.swift */ = {isa = PBXFileReference; lastKnownFileType = sourcecode.swift; path = EmailViewModel.swift; sourceTree = "<group>"; };
		C89F5C9E1F998CC100CB33CE /* PredictionsInitialViewPresentable.swift */ = {isa = PBXFileReference; lastKnownFileType = sourcecode.swift; path = PredictionsInitialViewPresentable.swift; sourceTree = "<group>"; };
		C8AB172C20240F65005FBBBE /* OnboardingTest.swift */ = {isa = PBXFileReference; lastKnownFileType = sourcecode.swift; path = OnboardingTest.swift; sourceTree = "<group>"; };
		C8AB173120253159005FBBBE /* PredictionsTests.swift */ = {isa = PBXFileReference; lastKnownFileType = sourcecode.swift; path = PredictionsTests.swift; sourceTree = "<group>"; };
		C8F54A161F79BD6900E94DF4 /* CustomLoadingAnimation.swift */ = {isa = PBXFileReference; lastKnownFileType = sourcecode.swift; path = CustomLoadingAnimation.swift; sourceTree = "<group>"; };
		C8F54A191F79BDAC00E94DF4 /* LoadingAnimationPresentable.swift */ = {isa = PBXFileReference; lastKnownFileType = sourcecode.swift; path = LoadingAnimationPresentable.swift; sourceTree = "<group>"; };
		C8F54A1E1F7B1ECB00E94DF4 /* PredictionResultCollectionViewCell.swift */ = {isa = PBXFileReference; lastKnownFileType = sourcecode.swift; path = PredictionResultCollectionViewCell.swift; sourceTree = "<group>"; };
		C8F54A231F7B32AC00E94DF4 /* CustomLabel.swift */ = {isa = PBXFileReference; lastKnownFileType = sourcecode.swift; path = CustomLabel.swift; sourceTree = "<group>"; };
/* End PBXFileReference section */

/* Begin PBXFrameworksBuildPhase section */
		C817F7291F75DCBF00B8C0FD /* Frameworks */ = {
			isa = PBXFrameworksBuildPhase;
			buildActionMask = 2147483647;
			files = (
			);
			runOnlyForDeploymentPostprocessing = 0;
		};
		C817F73D1F75DCBF00B8C0FD /* Frameworks */ = {
			isa = PBXFrameworksBuildPhase;
			buildActionMask = 2147483647;
			files = (
			);
			runOnlyForDeploymentPostprocessing = 0;
		};
/* End PBXFrameworksBuildPhase section */

/* Begin PBXGroup section */
		364019601F98F71E00247521 /* Constants */ = {
			isa = PBXGroup;
			children = (
				C867A0981F76CB5200B8B0E7 /* Constants.swift */,
				363BB3F91F8E8F0F0048347D /* UIImageConstants.swift */,
				C82D6E6B1F9EBD7800BDC0FF /* GlobalMethods.swift */,
			);
			path = Constants;
			sourceTree = "<group>";
		};
		C80542B81FAD425C0003B2CC /* Extensions */ = {
			isa = PBXGroup;
			children = (
				C80542B91FAD42700003B2CC /* StringExtension.swift */,
				C80542BC1FAD42710003B2CC /* TimeIntervalExtension.swift */,
				C80542BF1FAD42710003B2CC /* UICollectionViewExtension.swift */,
				36EB4C64201244FE000761B7 /* ArrayExtension.swift */,
				C80542BA1FAD42700003B2CC /* UIColorExtension.swift */,
				C80542BB1FAD42710003B2CC /* UIImageExtension.swift */,
				C80542BE1FAD42710003B2CC /* UILabelExtension.swift */,
				C80542BD1FAD42710003B2CC /* UIViewExtension.swift */,
				C84ABBC0202D23B100C39D96 /* UIViewControllerExtension.swift */,
			);
			path = Extensions;
			sourceTree = "<group>";
		};
		C812BEC31F7726900029732B /* PredictionsResults */ = {
			isa = PBXGroup;
			children = (
				C8F3A11E1FC5B26300E0BC51 /* Models */,
				C8F3A11D1FC5B24500E0BC51 /* Views */,
				C812BEC51F7727310029732B /* ViewModels */,
			);
			path = PredictionsResults;
			sourceTree = "<group>";
		};
		C812BEC41F7727260029732B /* ViewControllers */ = {
			isa = PBXGroup;
			children = (
				C812BEC71F7727D50029732B /* PredictionResultsViewController.swift */,
				C8869D341F8C2ACB00C32845 /* PredictionsLayout.swift */,
				C8F54A1E1F7B1ECB00E94DF4 /* PredictionResultCollectionViewCell.swift */,
			);
			path = ViewControllers;
			sourceTree = "<group>";
		};
		C812BEC51F7727310029732B /* ViewModels */ = {
			isa = PBXGroup;
			children = (
				C812BEC91F7727F90029732B /* PredictionsResultsViewModel.swift */,
			);
			path = ViewModels;
			sourceTree = "<group>";
		};
		C812BEC61F7727400029732B /* Configurable */ = {
			isa = PBXGroup;
			children = (
				C812BECB1F7728070029732B /* PredictionResultsViewConfigurable.swift */,
			);
			path = Configurable;
			sourceTree = "<group>";
		};
		C812BECD1F7728D40029732B /* Presentables */ = {
			isa = PBXGroup;
			children = (
				C812BED01F77290D0029732B /* PredictionResultsPresentable.swift */,
			);
			path = Presentables;
			sourceTree = "<group>";
		};
		C817F7231F75DCBF00B8C0FD = {
			isa = PBXGroup;
			children = (
				C83AF3C41F86E07100D4A4BC /* Localizable.strings */,
				C817F72E1F75DCBF00B8C0FD /* HashMe */,
				C817F7431F75DCBF00B8C0FD /* HashMeTests */,
				C817F72D1F75DCBF00B8C0FD /* Products */,
				C8869D2B1F8C28A700C32845 /* Recovered References */,
			);
			sourceTree = "<group>";
		};
		C817F72D1F75DCBF00B8C0FD /* Products */ = {
			isa = PBXGroup;
			children = (
				C817F72C1F75DCBF00B8C0FD /* HashAll.app */,
				C817F7401F75DCBF00B8C0FD /* HashMeTests.xctest */,
			);
			name = Products;
			sourceTree = "<group>";
		};
		C817F72E1F75DCBF00B8C0FD /* HashMe */ = {
			isa = PBXGroup;
			children = (
				C8884D271FF1EF5E00E91590 /* ContactUs */,
				C812BEC31F7726900029732B /* PredictionsResults */,
				C84B2B331F76C18400F56BF5 /* Common */,
				C84B2B1C1F76ACCC00F56BF5 /* Predictions */,
				C84B2B1B1F76ABF500F56BF5 /* Onboarding */,
				C84B2B0B1F75E94200F56BF5 /* Extras */,
			);
			path = HashMe;
			sourceTree = "<group>";
		};
		C817F7431F75DCBF00B8C0FD /* HashMeTests */ = {
			isa = PBXGroup;
			children = (
				C8AB173120253159005FBBBE /* PredictionsTests.swift */,
				C87CA29620268148001CD749 /* SocialMediaCustomViewTests.swift */,
				C817F7441F75DCBF00B8C0FD /* HashMeTests.swift */,
				C8AB172C20240F65005FBBBE /* OnboardingTest.swift */,
				C817F7461F75DCBF00B8C0FD /* Info.plist */,
				C84ABBC2202D5A7600C39D96 /* HashMeRuleEngineTest.swift */,
			);
			path = HashMeTests;
			sourceTree = "<group>";
		};
		C83AF3CA1F86EA7500D4A4BC /* Utilities */ = {
			isa = PBXGroup;
			children = (
				C83AF3CC1F86EA8200D4A4BC /* CustomUserDefaults.swift */,
				C83AF3CB1F86EA8200D4A4BC /* LocalizedString.swift */,
				36A306631FED923A00E97AE5 /* StoreReviewHelper.swift */,
			);
			path = Utilities;
			sourceTree = "<group>";
		};
		C84ABBB7202D14F900C39D96 /* BusinessRules */ = {
			isa = PBXGroup;
			children = (
				C84ABBBA202D155000C39D96 /* HashMe_Rule_Engine.js */,
			);
			path = BusinessRules;
			sourceTree = "<group>";
		};
		C84B2B0B1F75E94200F56BF5 /* Extras */ = {
			isa = PBXGroup;
			children = (
				C817F73B1F75DCBF00B8C0FD /* Info.plist */,
				C817F72F1F75DCBF00B8C0FD /* AppDelegate.swift */,
				C84B2B0C1F75E97700F56BF5 /* Resnet50.mlmodel */,
				C817F7381F75DCBF00B8C0FD /* LaunchScreen.storyboard */,
				C817F7361F75DCBF00B8C0FD /* Assets.xcassets */,
			);
			path = Extras;
			sourceTree = "<group>";
		};
		C84B2B1B1F76ABF500F56BF5 /* Onboarding */ = {
			isa = PBXGroup;
			children = (
				C8F3A11F1FC5B29B00E0BC51 /* Views */,
				C84B2B1F1F76AD3500F56BF5 /* Models */,
				C84B2B1E1F76AD2D00F56BF5 /* ViewModels */,
			);
			path = Onboarding;
			sourceTree = "<group>";
		};
		C84B2B1C1F76ACCC00F56BF5 /* Predictions */ = {
			isa = PBXGroup;
			children = (
				C8F3A11C1FC5AE2200E0BC51 /* Views */,
				C84B2B211F76AD4F00F56BF5 /* ViewModels */,
				C84B2B201F76AD4500F56BF5 /* Models */,
			);
			path = Predictions;
			sourceTree = "<group>";
		};
		C84B2B1D1F76AD1E00F56BF5 /* ViewControllers */ = {
			isa = PBXGroup;
			children = (
				C84B2B251F76B2CF00F56BF5 /* OnboardingViewController.swift */,
				36A01DDE1FA239A700EC5E28 /* OnboardingSubViewControllerOne.swift */,
				36A01DE21FA241E700EC5E28 /* OnboardingSubViewControllerThree.swift */,
				36A01DE01FA2405F00EC5E28 /* OnboardingSubViewControllerTwo.swift */,
			);
			path = ViewControllers;
			sourceTree = "<group>";
		};
		C84B2B1E1F76AD2D00F56BF5 /* ViewModels */ = {
			isa = PBXGroup;
			children = (
				C84B2B291F76B39000F56BF5 /* OnboardingViewModel.swift */,
			);
			path = ViewModels;
			sourceTree = "<group>";
		};
		C84B2B1F1F76AD3500F56BF5 /* Models */ = {
			isa = PBXGroup;
			children = (
				C84B2B2B1F76B3A000F56BF5 /* OnboardingViewConfigurable.swift */,
			);
			path = Models;
			sourceTree = "<group>";
		};
		C84B2B201F76AD4500F56BF5 /* Models */ = {
			isa = PBXGroup;
			children = (
				C84B2B2F1F76BD4000F56BF5 /* PredictionsViewConfigurable.swift */,
			);
			path = Models;
			sourceTree = "<group>";
		};
		C84B2B211F76AD4F00F56BF5 /* ViewModels */ = {
			isa = PBXGroup;
			children = (
				C84B2B2D1F76BD2C00F56BF5 /* PredictionsViewModel.swift */,
			);
			path = ViewModels;
			sourceTree = "<group>";
		};
		C84B2B221F76AD5700F56BF5 /* ViewControllers */ = {
			isa = PBXGroup;
			children = (
				C84B2B271F76B36500F56BF5 /* PredictionsViewController.swift */,
			);
			path = ViewControllers;
			sourceTree = "<group>";
		};
		C84B2B331F76C18400F56BF5 /* Common */ = {
			isa = PBXGroup;
			children = (
				C84ABBB7202D14F900C39D96 /* BusinessRules */,
				C80542B81FAD425C0003B2CC /* Extensions */,
				364019601F98F71E00247521 /* Constants */,
				C83AF3CA1F86EA7500D4A4BC /* Utilities */,
				C8F54A1D1F79C53700E94DF4 /* Storyboards */,
				C8F54A1C1F79C51900E94DF4 /* Presentables */,
				C8F54A181F79BD6F00E94DF4 /* ViewControllers */,
				C867A09D1F76E17C00B8B0E7 /* UI */,
				C867A09C1F76E16500B8B0E7 /* Protocols */,
			);
			path = Common;
			sourceTree = "<group>";
		};
		C867A09C1F76E16500B8B0E7 /* Protocols */ = {
			isa = PBXGroup;
			children = (
				C84ABBBC202D194900C39D96 /* HashMeRuleEngineProtocol.swift */,
				C84ABBC4202E684000C39D96 /* JsContextProtocolLocal.swift */,
				C84B2B341F76C19F00F56BF5 /* NavigationFlowControllable.swift */,
				36973B64200004CB007FFBA7 /* DeviceIdiom.swift */,
			);
			path = Protocols;
			sourceTree = "<group>";
		};
		C867A09D1F76E17C00B8B0E7 /* UI */ = {
			isa = PBXGroup;
			children = (
				363B7B291F97D2C10094B274 /* SocialMediaCustomView.swift */,
				C85450591F76F44100CF3D4E /* CustomButton.swift */,
				C8F54A231F7B32AC00E94DF4 /* CustomLabel.swift */,
				C8F54A161F79BD6900E94DF4 /* CustomLoadingAnimation.swift */,
				C8869D5A1F93DDDB00C32845 /* CustomImageView.swift */,
				C8869D5C1F941F3B00C32845 /* CustomView.swift */,
			);
			path = UI;
			sourceTree = "<group>";
		};
		C8869D2B1F8C28A700C32845 /* Recovered References */ = {
			isa = PBXGroup;
			children = (
			);
			name = "Recovered References";
			sourceTree = "<group>";
		};
		C8869D4D1F92751300C32845 /* Presentables */ = {
			isa = PBXGroup;
			children = (
				C8869D4E1F92753300C32845 /* ShareSheetPresentable.swift */,
			);
			path = Presentables;
			sourceTree = "<group>";
		};
		C8884D271FF1EF5E00E91590 /* ContactUs */ = {
			isa = PBXGroup;
			children = (
				C8884D2A1FF1EF7F00E91590 /* Models */,
				C8884D291FF1EF7600E91590 /* ViewModels */,
				C8884D281FF1EF7000E91590 /* Views */,
			);
			path = ContactUs;
			sourceTree = "<group>";
		};
		C8884D281FF1EF7000E91590 /* Views */ = {
			isa = PBXGroup;
			children = (
				C8884D2C1FF1EF9500E91590 /* Presentables */,
				C8884D2B1FF1EF8D00E91590 /* ViewControllers */,
			);
			path = Views;
			sourceTree = "<group>";
		};
		C8884D291FF1EF7600E91590 /* ViewModels */ = {
			isa = PBXGroup;
			children = (
				C8884D331FF1FAAE00E91590 /* EmailViewModel.swift */,
			);
			path = ViewModels;
			sourceTree = "<group>";
		};
		C8884D2A1FF1EF7F00E91590 /* Models */ = {
			isa = PBXGroup;
			children = (
				C8884D311FF1FA2000E91590 /* EmailViewConfigurable.swift */,
			);
			path = Models;
			sourceTree = "<group>";
		};
		C8884D2B1FF1EF8D00E91590 /* ViewControllers */ = {
			isa = PBXGroup;
			children = (
				C8884D2F1FF1F24400E91590 /* EmailViewController.swift */,
			);
			path = ViewControllers;
			sourceTree = "<group>";
		};
		C8884D2C1FF1EF9500E91590 /* Presentables */ = {
			isa = PBXGroup;
			children = (
				C8884D2D1FF1EFDD00E91590 /* EmailPresentable.swift */,
			);
			path = Presentables;
			sourceTree = "<group>";
		};
		C89F5C9D1F998C9F00CB33CE /* Presentable */ = {
			isa = PBXGroup;
			children = (
				C89F5C9E1F998CC100CB33CE /* PredictionsInitialViewPresentable.swift */,
			);
			path = Presentable;
			sourceTree = "<group>";
		};
		C8F3A11C1FC5AE2200E0BC51 /* Views */ = {
			isa = PBXGroup;
			children = (
				C812BECD1F7728D40029732B /* Presentables */,
				C84B2B221F76AD5700F56BF5 /* ViewControllers */,
			);
			path = Views;
			sourceTree = "<group>";
		};
		C8F3A11D1FC5B24500E0BC51 /* Views */ = {
			isa = PBXGroup;
			children = (
				C8869D4D1F92751300C32845 /* Presentables */,
				C812BEC41F7727260029732B /* ViewControllers */,
			);
			path = Views;
			sourceTree = "<group>";
		};
		C8F3A11E1FC5B26300E0BC51 /* Models */ = {
			isa = PBXGroup;
			children = (
				C812BEC61F7727400029732B /* Configurable */,
			);
			path = Models;
			sourceTree = "<group>";
		};
		C8F3A11F1FC5B29B00E0BC51 /* Views */ = {
			isa = PBXGroup;
			children = (
				C89F5C9D1F998C9F00CB33CE /* Presentable */,
				C84B2B1D1F76AD1E00F56BF5 /* ViewControllers */,
			);
			path = Views;
			sourceTree = "<group>";
		};
		C8F54A181F79BD6F00E94DF4 /* ViewControllers */ = {
			isa = PBXGroup;
			children = (
				C812BED61F773F8E0029732B /* CustomAlertController.swift */,
				C84B2B311F76C0B000F56BF5 /* HashTagFlowController.swift */,
				C8255A3C1F831300006DA3F3 /* OnboardingPresentable.swift */,
				C812BED21F7738C80029732B /* BaseViewController.swift */,
				C8255A381F82FE78006DA3F3 /* RootViewController.swift */,
			);
			path = ViewControllers;
			sourceTree = "<group>";
		};
		C8F54A1C1F79C51900E94DF4 /* Presentables */ = {
			isa = PBXGroup;
			children = (
				C8F54A191F79BDAC00E94DF4 /* LoadingAnimationPresentable.swift */,
				3680F6BE1F8E9AD300A8E562 /* NavigationControllerAnimationPresentable.swift */,
			);
			path = Presentables;
			sourceTree = "<group>";
		};
		C8F54A1D1F79C53700E94DF4 /* Storyboards */ = {
			isa = PBXGroup;
			children = (
				363B7B271F97D0C50094B274 /* SocialMediaView.xib */,
				C817F7331F75DCBF00B8C0FD /* Main.storyboard */,
			);
			path = Storyboards;
			sourceTree = "<group>";
		};
/* End PBXGroup section */

/* Begin PBXNativeTarget section */
		C817F72B1F75DCBF00B8C0FD /* HashMe */ = {
			isa = PBXNativeTarget;
			buildConfigurationList = C817F7491F75DCBF00B8C0FD /* Build configuration list for PBXNativeTarget "HashMe" */;
			buildPhases = (
				C817F7281F75DCBF00B8C0FD /* Sources */,
				C817F7291F75DCBF00B8C0FD /* Frameworks */,
				C817F72A1F75DCBF00B8C0FD /* Resources */,
			);
			buildRules = (
			);
			dependencies = (
			);
			name = HashMe;
			productName = HashMe;
			productReference = C817F72C1F75DCBF00B8C0FD /* HashAll.app */;
			productType = "com.apple.product-type.application";
		};
		C817F73F1F75DCBF00B8C0FD /* HashMeTests */ = {
			isa = PBXNativeTarget;
			buildConfigurationList = C817F74C1F75DCBF00B8C0FD /* Build configuration list for PBXNativeTarget "HashMeTests" */;
			buildPhases = (
				C817F73C1F75DCBF00B8C0FD /* Sources */,
				C817F73D1F75DCBF00B8C0FD /* Frameworks */,
				C817F73E1F75DCBF00B8C0FD /* Resources */,
			);
			buildRules = (
			);
			dependencies = (
				C817F7421F75DCBF00B8C0FD /* PBXTargetDependency */,
			);
			name = HashMeTests;
			productName = HashMeTests;
			productReference = C817F7401F75DCBF00B8C0FD /* HashMeTests.xctest */;
			productType = "com.apple.product-type.bundle.unit-test";
		};
/* End PBXNativeTarget section */

/* Begin PBXProject section */
		C817F7241F75DCBF00B8C0FD /* Project object */ = {
			isa = PBXProject;
			attributes = {
				LastSwiftUpdateCheck = 0900;
				LastUpgradeCheck = 0900;
				ORGANIZATIONNAME = Dheeru;
				TargetAttributes = {
					C817F72B1F75DCBF00B8C0FD = {
						CreatedOnToolsVersion = 9.0;
						ProvisioningStyle = Automatic;
					};
					C817F73F1F75DCBF00B8C0FD = {
						CreatedOnToolsVersion = 9.0;
						ProvisioningStyle = Automatic;
						TestTargetID = C817F72B1F75DCBF00B8C0FD;
					};
				};
			};
			buildConfigurationList = C817F7271F75DCBF00B8C0FD /* Build configuration list for PBXProject "HashMe" */;
			compatibilityVersion = "Xcode 8.0";
			developmentRegion = en;
			hasScannedForEncodings = 0;
			knownRegions = (
				en,
				Base,
				"es-MX",
			);
			mainGroup = C817F7231F75DCBF00B8C0FD;
			productRefGroup = C817F72D1F75DCBF00B8C0FD /* Products */;
			projectDirPath = "";
			projectRoot = "";
			targets = (
				C817F72B1F75DCBF00B8C0FD /* HashMe */,
				C817F73F1F75DCBF00B8C0FD /* HashMeTests */,
			);
		};
/* End PBXProject section */

/* Begin PBXResourcesBuildPhase section */
		C817F72A1F75DCBF00B8C0FD /* Resources */ = {
			isa = PBXResourcesBuildPhase;
			buildActionMask = 2147483647;
			files = (
				C817F73A1F75DCBF00B8C0FD /* LaunchScreen.storyboard in Resources */,
				C83AF3C21F86E07100D4A4BC /* Localizable.strings in Resources */,
				363B7B281F97D0C50094B274 /* SocialMediaView.xib in Resources */,
				C84ABBBB202D155000C39D96 /* HashMe_Rule_Engine.js in Resources */,
				C817F7371F75DCBF00B8C0FD /* Assets.xcassets in Resources */,
				C817F7351F75DCBF00B8C0FD /* Main.storyboard in Resources */,
			);
			runOnlyForDeploymentPostprocessing = 0;
		};
		C817F73E1F75DCBF00B8C0FD /* Resources */ = {
			isa = PBXResourcesBuildPhase;
			buildActionMask = 2147483647;
			files = (
			);
			runOnlyForDeploymentPostprocessing = 0;
		};
/* End PBXResourcesBuildPhase section */

/* Begin PBXSourcesBuildPhase section */
		C817F7281F75DCBF00B8C0FD /* Sources */ = {
			isa = PBXSourcesBuildPhase;
			buildActionMask = 2147483647;
			files = (
				36A01DDF1FA239A700EC5E28 /* OnboardingSubViewControllerOne.swift in Sources */,
				36973B65200004CB007FFBA7 /* DeviceIdiom.swift in Sources */,
				C84B2B301F76BD4000F56BF5 /* PredictionsViewConfigurable.swift in Sources */,
				C80542C41FAD42710003B2CC /* UIViewExtension.swift in Sources */,
				C8255A391F82FE78006DA3F3 /* RootViewController.swift in Sources */,
				C8884D341FF1FAAE00E91590 /* EmailViewModel.swift in Sources */,
				C8869D4F1F92753300C32845 /* ShareSheetPresentable.swift in Sources */,
				C8F54A241F7B32AC00E94DF4 /* CustomLabel.swift in Sources */,
				C84ABBC5202E684000C39D96 /* JsContextProtocolLocal.swift in Sources */,
				C812BECC1F7728070029732B /* PredictionResultsViewConfigurable.swift in Sources */,
				C80542C51FAD42710003B2CC /* UILabelExtension.swift in Sources */,
				36A01DE11FA2405F00EC5E28 /* OnboardingSubViewControllerTwo.swift in Sources */,
				C8869D5D1F941F3C00C32845 /* CustomView.swift in Sources */,
				36A306641FED923A00E97AE5 /* StoreReviewHelper.swift in Sources */,
				C80542C61FAD42710003B2CC /* UICollectionViewExtension.swift in Sources */,
				363B7B2A1F97D2C10094B274 /* SocialMediaCustomView.swift in Sources */,
				363BB3FA1F8E8F0F0048347D /* UIImageConstants.swift in Sources */,
				3680F6BF1F8E9AD300A8E562 /* NavigationControllerAnimationPresentable.swift in Sources */,
				C812BECA1F7727F90029732B /* PredictionsResultsViewModel.swift in Sources */,
				C80542C01FAD42710003B2CC /* StringExtension.swift in Sources */,
				C83AF3CD1F86EAC800D4A4BC /* CustomUserDefaults.swift in Sources */,
				C8884D321FF1FA2000E91590 /* EmailViewConfigurable.swift in Sources */,
				C80542C31FAD42710003B2CC /* TimeIntervalExtension.swift in Sources */,
				C812BED11F77290D0029732B /* PredictionResultsPresentable.swift in Sources */,
				C82D6E6C1F9EBD7800BDC0FF /* GlobalMethods.swift in Sources */,
				C812BED71F773F8E0029732B /* CustomAlertController.swift in Sources */,
				C867A0991F76CB5200B8B0E7 /* Constants.swift in Sources */,
				C812BED31F7738C80029732B /* BaseViewController.swift in Sources */,
				C84B2B2C1F76B3A000F56BF5 /* OnboardingViewConfigurable.swift in Sources */,
				C84B2B351F76C19F00F56BF5 /* NavigationFlowControllable.swift in Sources */,
				C812BEC81F7727D50029732B /* PredictionResultsViewController.swift in Sources */,
				C84B2B2A1F76B39000F56BF5 /* OnboardingViewModel.swift in Sources */,
				C80542C21FAD42710003B2CC /* UIImageExtension.swift in Sources */,
				C84B2B2E1F76BD2C00F56BF5 /* PredictionsViewModel.swift in Sources */,
				C8884D2E1FF1EFDD00E91590 /* EmailPresentable.swift in Sources */,
				C8869D351F8C2ACB00C32845 /* PredictionsLayout.swift in Sources */,
				C80542C11FAD42710003B2CC /* UIColorExtension.swift in Sources */,
				C817F7301F75DCBF00B8C0FD /* AppDelegate.swift in Sources */,
				C8255A3D1F831300006DA3F3 /* OnboardingPresentable.swift in Sources */,
				C83AF3CE1F86EACB00D4A4BC /* LocalizedString.swift in Sources */,
				C84B2B281F76B36500F56BF5 /* PredictionsViewController.swift in Sources */,
				C854505B1F76FF9100CF3D4E /* Resnet50.mlmodel in Sources */,
				C854505A1F76F44100CF3D4E /* CustomButton.swift in Sources */,
				C84ABBC1202D23B100C39D96 /* UIViewControllerExtension.swift in Sources */,
				C8869D5B1F93DDDC00C32845 /* CustomImageView.swift in Sources */,
				C8884D301FF1F24400E91590 /* EmailViewController.swift in Sources */,
				C8F54A1F1F7B1ECB00E94DF4 /* PredictionResultCollectionViewCell.swift in Sources */,
				C8F54A1A1F79BDAC00E94DF4 /* LoadingAnimationPresentable.swift in Sources */,
				C84B2B261F76B2CF00F56BF5 /* OnboardingViewController.swift in Sources */,
				C84ABBBD202D194900C39D96 /* HashMeRuleEngineProtocol.swift in Sources */,
				C89F5C9F1F998CC100CB33CE /* PredictionsInitialViewPresentable.swift in Sources */,
				C8F54A171F79BD6900E94DF4 /* CustomLoadingAnimation.swift in Sources */,
				C84B2B321F76C0B000F56BF5 /* HashTagFlowController.swift in Sources */,
				36A01DE31FA241E700EC5E28 /* OnboardingSubViewControllerThree.swift in Sources */,
				36EB4C65201244FE000761B7 /* ArrayExtension.swift in Sources */,
			);
			runOnlyForDeploymentPostprocessing = 0;
		};
		C817F73C1F75DCBF00B8C0FD /* Sources */ = {
			isa = PBXSourcesBuildPhase;
			buildActionMask = 2147483647;
			files = (
				C84ABBC3202D5A7600C39D96 /* HashMeRuleEngineTest.swift in Sources */,
				C8AB172D20240F65005FBBBE /* OnboardingTest.swift in Sources */,
				C817F7451F75DCBF00B8C0FD /* HashMeTests.swift in Sources */,
				C8AB173220253159005FBBBE /* PredictionsTests.swift in Sources */,
				C87CA29720268148001CD749 /* SocialMediaCustomViewTests.swift in Sources */,
			);
			runOnlyForDeploymentPostprocessing = 0;
		};
/* End PBXSourcesBuildPhase section */

/* Begin PBXTargetDependency section */
		C817F7421F75DCBF00B8C0FD /* PBXTargetDependency */ = {
			isa = PBXTargetDependency;
			target = C817F72B1F75DCBF00B8C0FD /* HashMe */;
			targetProxy = C817F7411F75DCBF00B8C0FD /* PBXContainerItemProxy */;
		};
/* End PBXTargetDependency section */

/* Begin PBXVariantGroup section */
		C817F7331F75DCBF00B8C0FD /* Main.storyboard */ = {
			isa = PBXVariantGroup;
			children = (
				C817F7341F75DCBF00B8C0FD /* Base */,
				C83AF3BF1F86DF8D00D4A4BC /* en */,
				C83AF3C51F86E10100D4A4BC /* es-MX */,
			);
			name = Main.storyboard;
			sourceTree = "<group>";
		};
		C817F7381F75DCBF00B8C0FD /* LaunchScreen.storyboard */ = {
			isa = PBXVariantGroup;
			children = (
				C817F7391F75DCBF00B8C0FD /* Base */,
				C83AF3C61F86E10100D4A4BC /* es-MX */,
			);
			name = LaunchScreen.storyboard;
			sourceTree = "<group>";
		};
		C83AF3C41F86E07100D4A4BC /* Localizable.strings */ = {
			isa = PBXVariantGroup;
			children = (
				C83AF3C31F86E07100D4A4BC /* en */,
				C83AF3C71F86E10100D4A4BC /* es-MX */,
			);
			name = Localizable.strings;
			path = HashMe/Common;
			sourceTree = "<group>";
		};
/* End PBXVariantGroup section */

/* Begin XCBuildConfiguration section */
		C817F7471F75DCBF00B8C0FD /* Debug */ = {
			isa = XCBuildConfiguration;
			buildSettings = {
				ALWAYS_SEARCH_USER_PATHS = NO;
				CLANG_ANALYZER_LOCALIZABILITY_NONLOCALIZED = YES;
				CLANG_ANALYZER_NONNULL = YES;
				CLANG_ANALYZER_NUMBER_OBJECT_CONVERSION = YES_AGGRESSIVE;
				CLANG_CXX_LANGUAGE_STANDARD = "gnu++14";
				CLANG_CXX_LIBRARY = "libc++";
				CLANG_ENABLE_MODULES = YES;
				CLANG_ENABLE_OBJC_ARC = YES;
				CLANG_WARN_BLOCK_CAPTURE_AUTORELEASING = YES;
				CLANG_WARN_BOOL_CONVERSION = YES;
				CLANG_WARN_COMMA = YES;
				CLANG_WARN_CONSTANT_CONVERSION = YES;
				CLANG_WARN_DIRECT_OBJC_ISA_USAGE = YES_ERROR;
				CLANG_WARN_DOCUMENTATION_COMMENTS = YES;
				CLANG_WARN_EMPTY_BODY = YES;
				CLANG_WARN_ENUM_CONVERSION = YES;
				CLANG_WARN_INFINITE_RECURSION = YES;
				CLANG_WARN_INT_CONVERSION = YES;
				CLANG_WARN_NON_LITERAL_NULL_CONVERSION = YES;
				CLANG_WARN_OBJC_LITERAL_CONVERSION = YES;
				CLANG_WARN_OBJC_ROOT_CLASS = YES_ERROR;
				CLANG_WARN_RANGE_LOOP_ANALYSIS = YES;
				CLANG_WARN_STRICT_PROTOTYPES = YES;
				CLANG_WARN_SUSPICIOUS_MOVE = YES;
				CLANG_WARN_UNGUARDED_AVAILABILITY = YES_AGGRESSIVE;
				CLANG_WARN_UNREACHABLE_CODE = YES;
				CLANG_WARN__DUPLICATE_METHOD_MATCH = YES;
				CODE_SIGN_IDENTITY = "iPhone Developer";
				COPY_PHASE_STRIP = NO;
				DEBUG_INFORMATION_FORMAT = dwarf;
				ENABLE_STRICT_OBJC_MSGSEND = YES;
				ENABLE_TESTABILITY = YES;
				GCC_C_LANGUAGE_STANDARD = gnu11;
				GCC_DYNAMIC_NO_PIC = NO;
				GCC_NO_COMMON_BLOCKS = YES;
				GCC_OPTIMIZATION_LEVEL = 0;
				GCC_PREPROCESSOR_DEFINITIONS = (
					"DEBUG=1",
					"$(inherited)",
				);
				GCC_WARN_64_TO_32_BIT_CONVERSION = YES;
				GCC_WARN_ABOUT_RETURN_TYPE = YES_ERROR;
				GCC_WARN_UNDECLARED_SELECTOR = YES;
				GCC_WARN_UNINITIALIZED_AUTOS = YES_AGGRESSIVE;
				GCC_WARN_UNUSED_FUNCTION = YES;
				GCC_WARN_UNUSED_VARIABLE = YES;
				IPHONEOS_DEPLOYMENT_TARGET = 11.0;
				MTL_ENABLE_DEBUG_INFO = YES;
				ONLY_ACTIVE_ARCH = YES;
				SDKROOT = iphoneos;
				SWIFT_ACTIVE_COMPILATION_CONDITIONS = DEBUG;
				SWIFT_OPTIMIZATION_LEVEL = "-Onone";
			};
			name = Debug;
		};
		C817F7481F75DCBF00B8C0FD /* Release */ = {
			isa = XCBuildConfiguration;
			buildSettings = {
				ALWAYS_SEARCH_USER_PATHS = NO;
				CLANG_ANALYZER_LOCALIZABILITY_NONLOCALIZED = YES;
				CLANG_ANALYZER_NONNULL = YES;
				CLANG_ANALYZER_NUMBER_OBJECT_CONVERSION = YES_AGGRESSIVE;
				CLANG_CXX_LANGUAGE_STANDARD = "gnu++14";
				CLANG_CXX_LIBRARY = "libc++";
				CLANG_ENABLE_MODULES = YES;
				CLANG_ENABLE_OBJC_ARC = YES;
				CLANG_WARN_BLOCK_CAPTURE_AUTORELEASING = YES;
				CLANG_WARN_BOOL_CONVERSION = YES;
				CLANG_WARN_COMMA = YES;
				CLANG_WARN_CONSTANT_CONVERSION = YES;
				CLANG_WARN_DIRECT_OBJC_ISA_USAGE = YES_ERROR;
				CLANG_WARN_DOCUMENTATION_COMMENTS = YES;
				CLANG_WARN_EMPTY_BODY = YES;
				CLANG_WARN_ENUM_CONVERSION = YES;
				CLANG_WARN_INFINITE_RECURSION = YES;
				CLANG_WARN_INT_CONVERSION = YES;
				CLANG_WARN_NON_LITERAL_NULL_CONVERSION = YES;
				CLANG_WARN_OBJC_LITERAL_CONVERSION = YES;
				CLANG_WARN_OBJC_ROOT_CLASS = YES_ERROR;
				CLANG_WARN_RANGE_LOOP_ANALYSIS = YES;
				CLANG_WARN_STRICT_PROTOTYPES = YES;
				CLANG_WARN_SUSPICIOUS_MOVE = YES;
				CLANG_WARN_UNGUARDED_AVAILABILITY = YES_AGGRESSIVE;
				CLANG_WARN_UNREACHABLE_CODE = YES;
				CLANG_WARN__DUPLICATE_METHOD_MATCH = YES;
				CODE_SIGN_IDENTITY = "iPhone Developer";
				COPY_PHASE_STRIP = NO;
				DEBUG_INFORMATION_FORMAT = "dwarf-with-dsym";
				ENABLE_NS_ASSERTIONS = NO;
				ENABLE_STRICT_OBJC_MSGSEND = YES;
				GCC_C_LANGUAGE_STANDARD = gnu11;
				GCC_NO_COMMON_BLOCKS = YES;
				GCC_WARN_64_TO_32_BIT_CONVERSION = YES;
				GCC_WARN_ABOUT_RETURN_TYPE = YES_ERROR;
				GCC_WARN_UNDECLARED_SELECTOR = YES;
				GCC_WARN_UNINITIALIZED_AUTOS = YES_AGGRESSIVE;
				GCC_WARN_UNUSED_FUNCTION = YES;
				GCC_WARN_UNUSED_VARIABLE = YES;
				IPHONEOS_DEPLOYMENT_TARGET = 11.0;
				MTL_ENABLE_DEBUG_INFO = NO;
				SDKROOT = iphoneos;
				SWIFT_OPTIMIZATION_LEVEL = "-Owholemodule";
				VALIDATE_PRODUCT = YES;
			};
			name = Release;
		};
		C817F74A1F75DCBF00B8C0FD /* Debug */ = {
			isa = XCBuildConfiguration;
			buildSettings = {
				ASSETCATALOG_COMPILER_APPICON_NAME = AppIcon;
				ASSETCATALOG_COMPILER_LAUNCHIMAGE_NAME = LaunchImage;
				CODE_SIGN_STYLE = Automatic;
				DEVELOPMENT_TEAM = J43L6556CC;
				INFOPLIST_FILE = HashMe/Info.plist;
				IPHONEOS_DEPLOYMENT_TARGET = 11.0;
				LD_RUNPATH_SEARCH_PATHS = "$(inherited) @executable_path/Frameworks";
				PRODUCT_BUNDLE_IDENTIFIER = com.dheeru.HashIt;
				PRODUCT_NAME = HashAll;
				SWIFT_VERSION = 4.0;
				TARGETED_DEVICE_FAMILY = "1,2";
			};
			name = Debug;
		};
		C817F74B1F75DCBF00B8C0FD /* Release */ = {
			isa = XCBuildConfiguration;
			buildSettings = {
				ASSETCATALOG_COMPILER_APPICON_NAME = AppIcon;
				ASSETCATALOG_COMPILER_LAUNCHIMAGE_NAME = LaunchImage;
				CODE_SIGN_STYLE = Automatic;
				DEVELOPMENT_TEAM = J43L6556CC;
				INFOPLIST_FILE = HashMe/Info.plist;
				IPHONEOS_DEPLOYMENT_TARGET = 11.0;
				LD_RUNPATH_SEARCH_PATHS = "$(inherited) @executable_path/Frameworks";
				PRODUCT_BUNDLE_IDENTIFIER = com.dheeru.HashIt;
				PRODUCT_NAME = HashAll;
				SWIFT_VERSION = 4.0;
				TARGETED_DEVICE_FAMILY = "1,2";
			};
			name = Release;
		};
		C817F74D1F75DCBF00B8C0FD /* Debug */ = {
			isa = XCBuildConfiguration;
			buildSettings = {
				ALWAYS_EMBED_SWIFT_STANDARD_LIBRARIES = YES;
				BUNDLE_LOADER = "$(TEST_HOST)";
				CODE_SIGN_STYLE = Automatic;
				INFOPLIST_FILE = HashMeTests/Info.plist;
				LD_RUNPATH_SEARCH_PATHS = "$(inherited) @executable_path/Frameworks @loader_path/Frameworks";
				PRODUCT_BUNDLE_IDENTIFIER = Dheeru.HashMeTests;
				PRODUCT_NAME = "$(TARGET_NAME)";
				SWIFT_VERSION = 4.0;
				TARGETED_DEVICE_FAMILY = "1,2";
				TEST_HOST = "$(BUILT_PRODUCTS_DIR)/HashAll.app/HashAll";
			};
			name = Debug;
		};
		C817F74E1F75DCBF00B8C0FD /* Release */ = {
			isa = XCBuildConfiguration;
			buildSettings = {
				ALWAYS_EMBED_SWIFT_STANDARD_LIBRARIES = YES;
				BUNDLE_LOADER = "$(TEST_HOST)";
				CODE_SIGN_STYLE = Automatic;
				INFOPLIST_FILE = HashMeTests/Info.plist;
				LD_RUNPATH_SEARCH_PATHS = "$(inherited) @executable_path/Frameworks @loader_path/Frameworks";
				PRODUCT_BUNDLE_IDENTIFIER = Dheeru.HashMeTests;
				PRODUCT_NAME = "$(TARGET_NAME)";
				SWIFT_VERSION = 4.0;
				TARGETED_DEVICE_FAMILY = "1,2";
				TEST_HOST = "$(BUILT_PRODUCTS_DIR)/HashAll.app/HashAll";
			};
			name = Release;
		};
/* End XCBuildConfiguration section */

/* Begin XCConfigurationList section */
		C817F7271F75DCBF00B8C0FD /* Build configuration list for PBXProject "HashMe" */ = {
			isa = XCConfigurationList;
			buildConfigurations = (
				C817F7471F75DCBF00B8C0FD /* Debug */,
				C817F7481F75DCBF00B8C0FD /* Release */,
			);
			defaultConfigurationIsVisible = 0;
			defaultConfigurationName = Release;
		};
		C817F7491F75DCBF00B8C0FD /* Build configuration list for PBXNativeTarget "HashMe" */ = {
			isa = XCConfigurationList;
			buildConfigurations = (
				C817F74A1F75DCBF00B8C0FD /* Debug */,
				C817F74B1F75DCBF00B8C0FD /* Release */,
			);
			defaultConfigurationIsVisible = 0;
			defaultConfigurationName = Release;
		};
		C817F74C1F75DCBF00B8C0FD /* Build configuration list for PBXNativeTarget "HashMeTests" */ = {
			isa = XCConfigurationList;
			buildConfigurations = (
				C817F74D1F75DCBF00B8C0FD /* Debug */,
				C817F74E1F75DCBF00B8C0FD /* Release */,
			);
			defaultConfigurationIsVisible = 0;
			defaultConfigurationName = Release;
		};
/* End XCConfigurationList section */
	};
	rootObject = C817F7241F75DCBF00B8C0FD /* Project object */;
}
